{
    "_readme": [
        "This file locks the dependencies of your project to a known state",
        "Read more about it at https://getcomposer.org/doc/01-basic-usage.md#installing-dependencies",
        "This file is @generated automatically"
    ],
    "content-hash": "52f15152d9bdb0eb47b9413a5d5aa513",
    "packages": [],
    "packages-dev": [],
    "aliases": [],
    "minimum-stability": "stable",
    "stability-flags": [],
    "prefer-stable": false,
    "prefer-lowest": false,
    "platform": {
        "ext-dom": "20031129",
        "ext-curl": "^7.2",
        "ext-libxml": "^7.2",
        "ext-mysqli": "^7.2",
        "ext-pdo": "^7.2"
    },
    "platform-dev": []
}
